
Microsoft Visual Studio Solution File, Format Version 12.00
# Visual Studio 15
VisualStudioVersion = 15.0.28307.757
MinimumVisualStudioVersion = 10.0.40219.1
Project("{FAE04EC0-301F-11D3-BF4B-00C04F79EFBC}") = "WiredBrainCoffee.CustomersApp", "WiredBrainCoffee.CustomersApp\WiredBrainCoffee.CustomersApp.csproj", "{05B59DF9-0152-4AC2-8B8D-B7F065DCD560}"
EndProject
Global
	GlobalSection(SolutionConfigurationPlatforms) = preSolution
		Debug|ARM = Debug|ARM
		Debug|ARM64 = Debug|ARM64
		Debug|x64 = Debug|x64
		Debug|x86 = Debug|x86
		Release|ARM = Release|ARM
		Release|ARM64 = Release|ARM64
		Release|x64 = Release|x64
		Release|x86 = Release|x86
	EndGlobalSection
	GlobalSection(ProjectConfigurationPlatforms) = postSolution
		{05B59DF9-0152-4AC2-8B8D-B7F065DCD560}.Debug|ARM.ActiveCfg = Debug|ARM
		{05B59DF9-0152-4AC2-8B8D-B7F065DCD560}.Debug|ARM.Build.0 = Debug|ARM
		{05B59DF9-0152-4AC2-8B8D-B7F065DCD560}.Debug|ARM.Deploy.0 = Debug|ARM
		{05B59DF9-0152-4AC2-8B8D-B7F065DCD560}.Debug|ARM64.ActiveCfg = Debug|ARM64
		{05B59DF9-0152-4AC2-8B8D-B7F065DCD560}.Debug|ARM64.Build.0 = Debug|ARM64
		{05B59DF9-0152-4AC2-8B8D-B7F065DCD560}.Debug|ARM64.Deploy.0 = Debug|ARM64
		{05B59DF9-0152-4AC2-8B8D-B7F065DCD560}.Debug|x64.ActiveCfg = Debug|x64
		{05B59DF9-0152-4AC2-8B8D-B7F065DCD560}.Debug|x64.Build.0 = Debug|x64
		{05B59DF9-0152-4AC2-8B8D-B7F065DCD560}.Debug|x64.Deploy.0 = Debug|x64
		{05B59DF9-0152-4AC2-8B8D-B7F065DCD560}.Debug|x86.ActiveCfg = Debug|x86
		{05B59DF9-0152-4AC2-8B8D-B7F065DCD560}.Debug|x86.Build.0 = Debug|x86
		{05B59DF9-0152-4AC2-8B8D-B7F065DCD560}.Debug|x86.Deploy.0 = Debug|x86
		{05B59DF9-0152-4AC2-8B8D-B7F065DCD560}.Release|ARM.ActiveCfg = Release|ARM
		{05B59DF9-0152-4AC2-8B8D-B7F065DCD560}.Release|ARM.Build.0 = Release|ARM
		{05B59DF9-0152-4AC2-8B8D-B7F065DCD560}.Release|ARM.Deploy.0 = Release|ARM
		{05B59DF9-0152-4AC2-8B8D-B7F065DCD560}.Release|ARM64.ActiveCfg = Release|ARM64
		{05B59DF9-0152-4AC2-8B8D-B7F065DCD560}.Release|ARM64.Build.0 = Release|ARM64
		{05B59DF9-0152-4AC2-8B8D-B7F065DCD560}.Release|ARM64.Deploy.0 = Release|ARM64
		{05B59DF9-0152-4AC2-8B8D-B7F065DCD560}.Release|x64.ActiveCfg = Release|x64
		{05B59DF9-0152-4AC2-8B8D-B7F065DCD560}.Release|x64.Build.0 = Release|x64
		{05B59DF9-0152-4AC2-8B8D-B7F065DCD560}.Release|x64.Deploy.0 = Release|x64
		{05B59DF9-0152-4AC2-8B8D-B7F065DCD560}.Release|x86.ActiveCfg = Release|x86
		{05B59DF9-0152-4AC2-8B8D-B7F065DCD560}.Release|x86.Build.0 = Release|x86
		{05B59DF9-0152-4AC2-8B8D-B7F065DCD560}.Release|x86.Deploy.0 = Release|x86
	EndGlobalSection
	GlobalSection(SolutionProperties) = preSolution
		HideSolutionNode = FALSE
	EndGlobalSection
	GlobalSection(ExtensibilityGlobals) = postSolution
		SolutionGuid = {73E99EE5-AFE5-48BD-8FFA-64F37B8C3C5A}
	EndGlobalSection
EndGlobal
